
Microsoft Visual Studio Solution File, Format Version 12.00
# Visual Studio Version 17
VisualStudioVersion = 17.13.35825.156
MinimumVisualStudioVersion = 10.0.40219.1
Project("{FAE04EC0-301F-11D3-BF4B-00C04F79EFBC}") = "UI.Tests", "UI.Tests\UI.Tests.csproj", "{20DDCE15-E048-E259-9EBC-96D12826210F}"
EndProject
Project("{FAE04EC0-301F-11D3-BF4B-00C04F79EFBC}") = "API.Tests", "API.Tests\API.Tests.csproj", "{79A87590-2A6D-9B23-CE9F-30AA7178F761}"
EndProject
Global
	GlobalSection(SolutionConfigurationPlatforms) = preSolution
		Debug|Any CPU = Debug|Any CPU
		Release|Any CPU = Release|Any CPU
	EndGlobalSection
	GlobalSection(ProjectConfigurationPlatforms) = postSolution
		{20DDCE15-E048-E259-9EBC-96D12826210F}.Debug|Any CPU.ActiveCfg = Debug|Any CPU
		{20DDCE15-E048-E259-9EBC-96D12826210F}.Debug|Any CPU.Build.0 = Debug|Any CPU
		{20DDCE15-E048-E259-9EBC-96D12826210F}.Release|Any CPU.ActiveCfg = Release|Any CPU
		{20DDCE15-E048-E259-9EBC-96D12826210F}.Release|Any CPU.Build.0 = Release|Any CPU
		{79A87590-2A6D-9B23-CE9F-30AA7178F761}.Debug|Any CPU.ActiveCfg = Debug|Any CPU
		{79A87590-2A6D-9B23-CE9F-30AA7178F761}.Debug|Any CPU.Build.0 = Debug|Any CPU
		{79A87590-2A6D-9B23-CE9F-30AA7178F761}.Release|Any CPU.ActiveCfg = Release|Any CPU
		{79A87590-2A6D-9B23-CE9F-30AA7178F761}.Release|Any CPU.Build.0 = Release|Any CPU
	EndGlobalSection
	GlobalSection(SolutionProperties) = preSolution
		HideSolutionNode = FALSE
	EndGlobalSection
	GlobalSection(ExtensibilityGlobals) = postSolution
		SolutionGuid = {80860C84-E2B1-4721-9581-D28DD3B542E0}
	EndGlobalSection
EndGlobal
